<?xml version="1.0" encoding="utf-8"?>
<Project ToolsVersion="4.0" xmlns="http://schemas.microsoft.com/developer/msbuild/2003">
  <ItemGroup>
    <Filter Include="Source Files">
      <UniqueIdentifier>{4FC737F1-C7A5-4376-A066-2A32D752A2FF}</UniqueIdentifier>
      <Extensions>cpp;c;cc;cxx;def;odl;idl;hpj;bat;asm;asmx</Extensions>
    </Filter>
    <Filter Include="Header Files">
      <UniqueIdentifier>{93995380-89BD-4b04-88EB-625FBE52EBFB}</UniqueIdentifier>
      <Extensions>h;hh;hpp;hxx;hm;inl;inc;xsd</Extensions>
    </Filter>
    <Filter Include="Resource Files">
      <UniqueIdentifier>{67DA6AB6-F800-4c08-8B7A-83BB121AAD01}</UniqueIdentifier>
      <Extensions>rc;ico;cur;bmp;dlg;rc2;rct;bin;rgs;gif;jpg;jpeg;jpe;resx;tiff;tif;png;wav;mfcribbon-ms</Extensions>
    </Filter>
    <Filter Include="Header Files\Services">
      <UniqueIdentifier>{c88b065e-e87e-4d91-9b29-0f997966471a}</UniqueIdentifier>
    </Filter>
    <Filter Include="Header Files\Abandoned Ideas">
      <UniqueIdentifier>{0c26ec1a-b352-45da-ae2f-343ed40fcb6d}</UniqueIdentifier>
    </Filter>
    <Filter Include="Header Files\Test Data">
      <UniqueIdentifier>{d15d354a-31b2-4b95-952e-1fc71200d2e7}</UniqueIdentifier>
    </Filter>
    <Filter Include="Header Files\Components">
      <UniqueIdentifier>{12e11467-4006-48e7-b150-287d6eff41b4}</UniqueIdentifier>
    </Filter>
    <Filter Include="Source Files\Abandoned Ideas">
      <UniqueIdentifier>{3eadefb5-3f8c-45be-988c-9bb686b9a89c}</UniqueIdentifier>
    </Filter>
    <Filter Include="Source Files\Components">
      <UniqueIdentifier>{dd1317ed-2ebc-4b51-bf9f-c378e20903b2}</UniqueIdentifier>
    </Filter>
    <Filter Include="Resource Files\glsl">
      <UniqueIdentifier>{ad2f4640-8060-4e17-aa29-561fbb53d2f4}</UniqueIdentifier>
    </Filter>
    <Filter Include="Source Files\Services">
      <UniqueIdentifier>{e78daceb-81ee-41af-8049-6127ae39bb27}</UniqueIdentifier>
    </Filter>
    <Filter Include="Resource Files\glsl\post">
      <UniqueIdentifier>{e43ae82c-ef19-4fd2-a205-420caa652bd1}</UniqueIdentifier>
    </Filter>
  </ItemGroup>
  <ItemGroup>
    <ClCompile Include="main.cpp">
      <Filter>Source Files</Filter>
    </ClCompile>
    <ClCompile Include="Geometry.cpp">
      <Filter>Source Files</Filter>
    </ClCompile>
    <ClCompile Include="Shader.cpp">
      <Filter>Source Files</Filter>
    </ClCompile>
    <ClCompile Include="Window.cpp">
      <Filter>Source Files</Filter>
    </ClCompile>
    <ClCompile Include="Program.cpp">
      <Filter>Source Files</Filter>
    </ClCompile>
    <ClCompile Include="Camera.cpp">
      <Filter>Source Files</Filter>
    </ClCompile>
    <ClCompile Include="GameObject.cpp">
      <Filter>Source Files</Filter>
    </ClCompile>
    <ClCompile Include="Mouse.cpp">
      <Filter>Source Files</Filter>
    </ClCompile>
    <ClCompile Include="Bounds.cpp">
      <Filter>Source Files</Filter>
    </ClCompile>
    <ClCompile Include="PhysicsComponent.cpp">
      <Filter>Source Files\Components</Filter>
    </ClCompile>
    <ClCompile Include="Game.cpp">
      <Filter>Source Files</Filter>
    </ClCompile>
    <ClCompile Include="PlayerStateMachineTest.cpp">
      <Filter>Source Files</Filter>
    </ClCompile>
    <ClCompile Include="ServiceLocator.cpp">
      <Filter>Source Files</Filter>
    </ClCompile>
    <ClCompile Include="LoggingService.cpp">
      <Filter>Source Files\Services</Filter>
    </ClCompile>
    <ClCompile Include="Lamp.cpp">
      <Filter>Source Files</Filter>
    </ClCompile>
    <ClCompile Include="PostProcessingPipeline.cpp">
      <Filter>Source Files</Filter>
    </ClCompile>
    <ClCompile Include="FrameBuffer.cpp">
      <Filter>Source Files</Filter>
    </ClCompile>
    <ClCompile Include="Abandoned Ideas\mat4.cpp">
      <Filter>Source Files\Abandoned Ideas</Filter>
    </ClCompile>
    <ClCompile Include="Abandoned Ideas\Physical.cpp">
      <Filter>Source Files\Abandoned Ideas</Filter>
    </ClCompile>
    <ClCompile Include="Abandoned Ideas\ScriptParser.cpp">
      <Filter>Source Files\Abandoned Ideas</Filter>
    </ClCompile>
  </ItemGroup>
  <ItemGroup>
    <ClInclude Include="Geometry.h">
      <Filter>Header Files</Filter>
    </ClInclude>
    <ClInclude Include="Shader.h">
      <Filter>Header Files</Filter>
    </ClInclude>
    <ClInclude Include="Window.h">
      <Filter>Header Files</Filter>
    </ClInclude>
    <ClInclude Include="Program.h">
      <Filter>Header Files</Filter>
    </ClInclude>
    <ClInclude Include="Camera.h">
      <Filter>Header Files</Filter>
    </ClInclude>
    <ClInclude Include="Vertex.h">
      <Filter>Header Files</Filter>
    </ClInclude>
    <ClInclude Include="ServiceLocator.h">
      <Filter>Header Files</Filter>
    </ClInclude>
    <ClInclude Include="LoggingService.h">
      <Filter>Header Files\Services</Filter>
    </ClInclude>
    <ClInclude Include="cubedata_temp.h">
      <Filter>Header Files\Test Data</Filter>
    </ClInclude>
    <ClInclude Include="TestCallbacks.h">
      <Filter>Header Files\Test Data</Filter>
    </ClInclude>
    <ClInclude Include="tridata_temp.h">
      <Filter>Header Files\Test Data</Filter>
    </ClInclude>
    <ClInclude Include="InputComponent.h">
      <Filter>Header Files\Components</Filter>
    </ClInclude>
    <ClInclude Include="Bounds.h">
      <Filter>Header Files</Filter>
    </ClInclude>
    <ClInclude Include="GameObject.h">
      <Filter>Header Files</Filter>
    </ClInclude>
    <ClInclude Include="PhysicsComponent.h">
      <Filter>Header Files\Components</Filter>
    </ClInclude>
    <ClInclude Include="Mouse.h">
      <Filter>Header Files</Filter>
    </ClInclude>
    <ClInclude Include="EventQueue.h">
      <Filter>Header Files</Filter>
    </ClInclude>
    <ClInclude Include="Game.h">
      <Filter>Header Files</Filter>
    </ClInclude>
    <ClInclude Include="StateMachine.h">
      <Filter>Header Files</Filter>
    </ClInclude>
    <ClInclude Include="Lamp.h">
      <Filter>Header Files</Filter>
    </ClInclude>
    <ClInclude Include="squaredata_temp.h">
      <Filter>Header Files\Test Data</Filter>
    </ClInclude>
    <ClInclude Include="PostProcessingPipeline.h">
      <Filter>Header Files</Filter>
    </ClInclude>
    <ClInclude Include="FrameBuffer.h">
      <Filter>Header Files</Filter>
    </ClInclude>
    <ClInclude Include="NamedContainer.h">
      <Filter>Header Files</Filter>
    </ClInclude>
    <ClInclude Include="Abandoned Ideas\ArbitraryMatrix.h">
      <Filter>Header Files\Abandoned Ideas</Filter>
    </ClInclude>
    <ClInclude Include="Abandoned Ideas\mat4.h">
      <Filter>Header Files\Abandoned Ideas</Filter>
    </ClInclude>
    <ClInclude Include="Abandoned Ideas\Physical.h">
      <Filter>Header Files\Abandoned Ideas</Filter>
    </ClInclude>
    <ClInclude Include="Abandoned Ideas\ScriptParser.h">
      <Filter>Header Files\Abandoned Ideas</Filter>
    </ClInclude>
    <ClInclude Include="Abandoned Ideas\Texture.h">
      <Filter>Header Files\Abandoned Ideas</Filter>
    </ClInclude>
  </ItemGroup>
  <ItemGroup>
    <None Include="glsl\post\darken.frag">
      <Filter>Resource Files\glsl\post</Filter>
    </None>
    <None Include="glsl\mvp_color.vert">
      <Filter>Resource Files\glsl</Filter>
    </None>
    <None Include="glsl\mvp_position.vert">
      <Filter>Resource Files\glsl</Filter>
    </None>
    <None Include="glsl\mvp_white.vert">
      <Filter>Resource Files\glsl</Filter>
    </None>
    <None Include="glsl\test.frag">
      <Filter>Resource Files\glsl</Filter>
    </None>
    <None Include="glsl\test.vert">
      <Filter>Resource Files\glsl</Filter>
    </None>
    <None Include="glsl\post\1x7.vert">
      <Filter>Resource Files\glsl\post</Filter>
    </None>
    <None Include="glsl\post\1x11.vert">
      <Filter>Resource Files\glsl\post</Filter>
    </None>
    <None Include="glsl\post\7x1.vert">
      <Filter>Resource Files\glsl\post</Filter>
    </None>
    <None Include="glsl\post\11x1.vert">
      <Filter>Resource Files\glsl\post</Filter>
    </None>
    <None Include="glsl\post\blur7.frag">
      <Filter>Resource Files\glsl\post</Filter>
    </None>
    <None Include="glsl\post\blur11.frag">
      <Filter>Resource Files\glsl\post</Filter>
    </None>
    <None Include="glsl\post\invert.frag">
      <Filter>Resource Files\glsl\post</Filter>
    </None>
    <None Include="glsl\post\none.frag">
      <Filter>Resource Files\glsl\post</Filter>
    </None>
    <None Include="glsl\post\single.vert">
      <Filter>Resource Files\glsl\post</Filter>
    </None>
    <None Include="glsl\post\3x3.vert">
      <Filter>Resource Files\glsl\post</Filter>
    </None>
    <None Include="glsl\post\kernel3x3.frag">
      <Filter>Resource Files\glsl\post</Filter>
    </None>
    <None Include="glsl\post\1x3.vert">
      <Filter>Resource Files\glsl\post</Filter>
    </None>
    <None Include="glsl\post\3x1.vert">
      <Filter>Resource Files\glsl\post</Filter>
    </None>
    <None Include="glsl\post\kernel3.frag">
      <Filter>Resource Files\glsl\post</Filter>
    </None>
  </ItemGroup>
</Project>